<?xml version="1.0" encoding="utf-8"?>
<Project ToolsVersion="4.0" xmlns="http://schemas.microsoft.com/developer/msbuild/2003">
  <ItemGroup>
    <Filter Include="Pliki źródłowe">
      <UniqueIdentifier>{4FC737F1-C7A5-4376-A066-2A32D752A2FF}</UniqueIdentifier>
      <Extensions>cpp;c;cc;cxx;c++;cppm;ixx;def;odl;idl;hpj;bat;asm;asmx</Extensions>
    </Filter>
    <Filter Include="Pliki nagłówkowe">
      <UniqueIdentifier>{93995380-89BD-4b04-88EB-625FBE52EBFB}</UniqueIdentifier>
      <Extensions>h;hh;hpp;hxx;h++;hm;inl;inc;ipp;xsd</Extensions>
    </Filter>
    <Filter Include="Pliki zasobów">
      <UniqueIdentifier>{67DA6AB6-F800-4c08-8B7A-83BB121AAD01}</UniqueIdentifier>
      <Extensions>rc;ico;cur;bmp;dlg;rc2;rct;bin;rgs;gif;jpg;jpeg;jpe;resx;tiff;tif;png;wav;mfcribbon-ms</Extensions>
    </Filter>
    <Filter Include="Pliki źródłowe\Graphic">
      <UniqueIdentifier>{cbf78f17-ab01-4f8c-8c20-5999d5b7be56}</UniqueIdentifier>
    </Filter>
    <Filter Include="Pliki nagłówkowe\Graphic">
      <UniqueIdentifier>{3038d876-23fd-44bf-b5d2-fb43345f2420}</UniqueIdentifier>
    </Filter>
    <Filter Include="Pliki źródłowe\Editor">
      <UniqueIdentifier>{d433ebad-d901-4a85-9a10-1fed659a5ed6}</UniqueIdentifier>
    </Filter>
    <Filter Include="Pliki nagłówkowe\Editor">
      <UniqueIdentifier>{447d87f3-bbe6-450c-a57e-3aa5e3d548fd}</UniqueIdentifier>
    </Filter>
    <Filter Include="Pliki nagłówkowe\Graphic\GUI">
      <UniqueIdentifier>{228ff3c0-274b-475a-af5a-75f73475b7ec}</UniqueIdentifier>
    </Filter>
    <Filter Include="Pliki źródłowe\Graphic\GUI">
      <UniqueIdentifier>{033c6e18-3727-4113-8a47-f518b5a87bdb}</UniqueIdentifier>
    </Filter>
  </ItemGroup>
  <ItemGroup>
    <ClCompile Include="VEditor.cpp">
      <Filter>Pliki źródłowe</Filter>
    </ClCompile>
    <ClCompile Include="src\Editor\Collider.cpp">
      <Filter>Pliki źródłowe</Filter>
    </ClCompile>
    <ClCompile Include="src\Editor\Voxel handler.cpp">
      <Filter>Pliki źródłowe</Filter>
    </ClCompile>
    <ClCompile Include="src\Editor\Project Menager.cpp">
      <Filter>Pliki źródłowe</Filter>
    </ClCompile>
    <ClCompile Include="src\Editor\Editor engine.cpp">
      <Filter>Pliki źródłowe</Filter>
    </ClCompile>
    <ClCompile Include="src\Editor\Voxel Editor.cpp">
      <Filter>Pliki źródłowe</Filter>
    </ClCompile>
    <ClCompile Include="src\Graphic\Graphic engine.cpp">
      <Filter>Pliki źródłowe</Filter>
    </ClCompile>
    <ClCompile Include="src\Graphic\Inputs.cpp">
      <Filter>Pliki źródłowe</Filter>
    </ClCompile>
    <ClCompile Include="src\Graphic\Light.cpp">
      <Filter>Pliki źródłowe</Filter>
    </ClCompile>
    <ClCompile Include="src\Graphic\Material.cpp">
      <Filter>Pliki źródłowe</Filter>
    </ClCompile>
    <ClCompile Include="src\Graphic\Shaders.cpp">
      <Filter>Pliki źródłowe</Filter>
    </ClCompile>
    <ClCompile Include="src\Graphic\Voxel.cpp">
      <Filter>Pliki źródłowe</Filter>
    </ClCompile>
    <ClCompile Include="src\Camera.cpp">
      <Filter>Pliki źródłowe</Filter>
    </ClCompile>
    <ClCompile Include="src\Dot.cpp">
      <Filter>Pliki źródłowe</Filter>
    </ClCompile>
    <ClCompile Include="src\Graphic\GUI\GUI.cpp">
      <Filter>Pliki źródłowe</Filter>
    </ClCompile>
    <ClCompile Include="includes\glad.c">
      <Filter>Pliki źródłowe</Filter>
    </ClCompile>
  </ItemGroup>
  <ItemGroup>
    <Text Include="Perspective.vs">
      <Filter>Pliki zasobów</Filter>
    </Text>
  </ItemGroup>
</Project>